
Microsoft Visual Studio Solution File, Format Version 12.00
# Visual Studio 14
VisualStudioVersion = 14.0.25420.1
MinimumVisualStudioVersion = 10.0.40219.1
Project("{FAE04EC0-301F-11D3-BF4B-00C04F79EFBC}") = "WcfServiceLibrary", "WcfServiceLibrary\WcfServiceLibrary.csproj", "{83A5B84D-7280-42C9-A052-948FE2F21701}"
EndProject
Project("{FAE04EC0-301F-11D3-BF4B-00C04F79EFBC}") = "WcfExample", "WcfExample\WcfExample.csproj", "{4E5E8ADD-632C-4773-B748-38F380C68914}"
EndProject
Global
	GlobalSection(SolutionConfigurationPlatforms) = preSolution
		Debug|Any CPU = Debug|Any CPU
		Release|Any CPU = Release|Any CPU
	EndGlobalSection
	GlobalSection(ProjectConfigurationPlatforms) = postSolution
		{83A5B84D-7280-42C9-A052-948FE2F21701}.Debug|Any CPU.ActiveCfg = Debug|Any CPU
		{83A5B84D-7280-42C9-A052-948FE2F21701}.Debug|Any CPU.Build.0 = Debug|Any CPU
		{83A5B84D-7280-42C9-A052-948FE2F21701}.Release|Any CPU.ActiveCfg = Release|Any CPU
		{83A5B84D-7280-42C9-A052-948FE2F21701}.Release|Any CPU.Build.0 = Release|Any CPU
		{4E5E8ADD-632C-4773-B748-38F380C68914}.Debug|Any CPU.ActiveCfg = Debug|Any CPU
		{4E5E8ADD-632C-4773-B748-38F380C68914}.Debug|Any CPU.Build.0 = Debug|Any CPU
		{4E5E8ADD-632C-4773-B748-38F380C68914}.Release|Any CPU.ActiveCfg = Release|Any CPU
		{4E5E8ADD-632C-4773-B748-38F380C68914}.Release|Any CPU.Build.0 = Release|Any CPU
	EndGlobalSection
	GlobalSection(SolutionProperties) = preSolution
		HideSolutionNode = FALSE
	EndGlobalSection
EndGlobal
